// !$*UTF8*$!
{
	archiveVersion = 1;
	classes = {
	};
	objectVersion = 51;
	objects = {

/* Begin PBXBuildFile section */
		099CBA3A24F93981001B64B5 /* Constants.swift in Sources */ = {isa = PBXBuildFile; fileRef = 099CBA3924F93981001B64B5 /* Constants.swift */; };
		099CBA3C24F93C92001B64B5 /* UIColor+Extension.swift in Sources */ = {isa = PBXBuildFile; fileRef = 099CBA3B24F93C92001B64B5 /* UIColor+Extension.swift */; };
		099CBA4324F94786001B64B5 /* ChartData.swift in Sources */ = {isa = PBXBuildFile; fileRef = 099CBA4224F94786001B64B5 /* ChartData.swift */; };
		09EBEE0B24F9173C00F1A014 /* AppDelegate.swift in Sources */ = {isa = PBXBuildFile; fileRef = 09EBEE0A24F9173C00F1A014 /* AppDelegate.swift */; };
		09EBEE0D24F9173C00F1A014 /* SceneDelegate.swift in Sources */ = {isa = PBXBuildFile; fileRef = 09EBEE0C24F9173C00F1A014 /* SceneDelegate.swift */; };
		09EBEE0F24F9173C00F1A014 /* ViewController.swift in Sources */ = {isa = PBXBuildFile; fileRef = 09EBEE0E24F9173C00F1A014 /* ViewController.swift */; };
		09EBEE1224F9173C00F1A014 /* Main.storyboard in Resources */ = {isa = PBXBuildFile; fileRef = 09EBEE1024F9173C00F1A014 /* Main.storyboard */; };
		09EBEE1424F9173F00F1A014 /* Assets.xcassets in Resources */ = {isa = PBXBuildFile; fileRef = 09EBEE1324F9173F00F1A014 /* Assets.xcassets */; };
		09EBEE1724F9173F00F1A014 /* LaunchScreen.storyboard in Resources */ = {isa = PBXBuildFile; fileRef = 09EBEE1524F9173F00F1A014 /* LaunchScreen.storyboard */; };
		09EBEE2324F936BC00F1A014 /* ImagePicker.swift in Sources */ = {isa = PBXBuildFile; fileRef = 09EBEE2224F936BC00F1A014 /* ImagePicker.swift */; };
		3EA3F15855752E6AD791D8ED /* Pods_charts_local.framework in Frameworks */ = {isa = PBXBuildFile; fileRef = A186C3E098BE2575158B8A9D /* Pods_charts_local.framework */; };
/* End PBXBuildFile section */

/* Begin PBXFileReference section */
		0049588AED9995976B90B296 /* Pods-charts-local.debug.xcconfig */ = {isa = PBXFileReference; includeInIndex = 1; lastKnownFileType = text.xcconfig; name = "Pods-charts-local.debug.xcconfig"; path = "Target Support Files/Pods-charts-local/Pods-charts-local.debug.xcconfig"; sourceTree = "<group>"; };
		099CBA3924F93981001B64B5 /* Constants.swift */ = {isa = PBXFileReference; lastKnownFileType = sourcecode.swift; path = Constants.swift; sourceTree = "<group>"; };
		099CBA3B24F93C92001B64B5 /* UIColor+Extension.swift */ = {isa = PBXFileReference; lastKnownFileType = sourcecode.swift; path = "UIColor+Extension.swift"; sourceTree = "<group>"; };
		099CBA4224F94786001B64B5 /* ChartData.swift */ = {isa = PBXFileReference; lastKnownFileType = sourcecode.swift; path = ChartData.swift; sourceTree = "<group>"; };
		09EBEE0724F9173C00F1A014 /* charts-local.app */ = {isa = PBXFileReference; explicitFileType = wrapper.application; includeInIndex = 0; path = "charts-local.app"; sourceTree = BUILT_PRODUCTS_DIR; };
		09EBEE0A24F9173C00F1A014 /* AppDelegate.swift */ = {isa = PBXFileReference; lastKnownFileType = sourcecode.swift; path = AppDelegate.swift; sourceTree = "<group>"; };
		09EBEE0C24F9173C00F1A014 /* SceneDelegate.swift */ = {isa = PBXFileReference; lastKnownFileType = sourcecode.swift; path = SceneDelegate.swift; sourceTree = "<group>"; };
		09EBEE0E24F9173C00F1A014 /* ViewController.swift */ = {isa = PBXFileReference; lastKnownFileType = sourcecode.swift; path = ViewController.swift; sourceTree = "<group>"; };
		09EBEE1124F9173C00F1A014 /* Base */ = {isa = PBXFileReference; lastKnownFileType = file.storyboard; name = Base; path = Base.lproj/Main.storyboard; sourceTree = "<group>"; };
		09EBEE1324F9173F00F1A014 /* Assets.xcassets */ = {isa = PBXFileReference; lastKnownFileType = folder.assetcatalog; path = Assets.xcassets; sourceTree = "<group>"; };
		09EBEE1624F9173F00F1A014 /* Base */ = {isa = PBXFileReference; lastKnownFileType = file.storyboard; name = Base; path = Base.lproj/LaunchScreen.storyboard; sourceTree = "<group>"; };
		09EBEE1824F9173F00F1A014 /* Info.plist */ = {isa = PBXFileReference; lastKnownFileType = text.plist.xml; path = Info.plist; sourceTree = "<group>"; };
		09EBEE2224F936BC00F1A014 /* ImagePicker.swift */ = {isa = PBXFileReference; lastKnownFileType = sourcecode.swift; path = ImagePicker.swift; sourceTree = "<group>"; };
		4B52FCB2BB3F5CBC34B7CD3C /* Pods-charts-local.release.xcconfig */ = {isa = PBXFileReference; includeInIndex = 1; lastKnownFileType = text.xcconfig; name = "Pods-charts-local.release.xcconfig"; path = "Target Support Files/Pods-charts-local/Pods-charts-local.release.xcconfig"; sourceTree = "<group>"; };
		A186C3E098BE2575158B8A9D /* Pods_charts_local.framework */ = {isa = PBXFileReference; explicitFileType = wrapper.framework; includeInIndex = 0; path = Pods_charts_local.framework; sourceTree = BUILT_PRODUCTS_DIR; };
/* End PBXFileReference section */

/* Begin PBXFrameworksBuildPhase section */
		09EBEE0424F9173C00F1A014 /* Frameworks */ = {
			isa = PBXFrameworksBuildPhase;
			buildActionMask = 2147483647;
			files = (
				3EA3F15855752E6AD791D8ED /* Pods_charts_local.framework in Frameworks */,
			);
			runOnlyForDeploymentPostprocessing = 0;
		};
/* End PBXFrameworksBuildPhase section */

/* Begin PBXGroup section */
		099CBA3D24F9407F001B64B5 /* Storyboards */ = {
			isa = PBXGroup;
			children = (
				09EBEE1024F9173C00F1A014 /* Main.storyboard */,
				09EBEE1524F9173F00F1A014 /* LaunchScreen.storyboard */,
			);
			path = Storyboards;
			sourceTree = "<group>";
		};
		099CBA3E24F9408F001B64B5 /* Supporting Files */ = {
			isa = PBXGroup;
			children = (
				09EBEE0A24F9173C00F1A014 /* AppDelegate.swift */,
				09EBEE0C24F9173C00F1A014 /* SceneDelegate.swift */,
				09EBEE1324F9173F00F1A014 /* Assets.xcassets */,
				09EBEE1824F9173F00F1A014 /* Info.plist */,
			);
			path = "Supporting Files";
			sourceTree = "<group>";
		};
		099CBA3F24F940A6001B64B5 /* View Controllers */ = {
			isa = PBXGroup;
			children = (
				09EBEE0E24F9173C00F1A014 /* ViewController.swift */,
			);
			path = "View Controllers";
			sourceTree = "<group>";
		};
		099CBA4024F940B6001B64B5 /* Extensions */ = {
			isa = PBXGroup;
			children = (
				099CBA3B24F93C92001B64B5 /* UIColor+Extension.swift */,
			);
			path = Extensions;
			sourceTree = "<group>";
		};
		099CBA4124F940BE001B64B5 /* Utilities */ = {
			isa = PBXGroup;
			children = (
				09EBEE2224F936BC00F1A014 /* ImagePicker.swift */,
				099CBA3924F93981001B64B5 /* Constants.swift */,
			);
			path = Utilities;
			sourceTree = "<group>";
		};
		099CBA4424F949EC001B64B5 /* Data Models */ = {
			isa = PBXGroup;
			children = (
				099CBA4224F94786001B64B5 /* ChartData.swift */,
			);
			path = "Data Models";
			sourceTree = "<group>";
		};
		09EBEDFE24F9173C00F1A014 = {
			isa = PBXGroup;
			children = (
				09EBEE0924F9173C00F1A014 /* charts-local */,
				09EBEE0824F9173C00F1A014 /* Products */,
				2F41C051932AC0F0F8BA6F09 /* Pods */,
				29C17E0E4CCCB524602591E7 /* Frameworks */,
			);
			sourceTree = "<group>";
		};
		09EBEE0824F9173C00F1A014 /* Products */ = {
			isa = PBXGroup;
			children = (
				09EBEE0724F9173C00F1A014 /* charts-local.app */,
			);
			name = Products;
			sourceTree = "<group>";
		};
		09EBEE0924F9173C00F1A014 /* charts-local */ = {
			isa = PBXGroup;
			children = (
				099CBA3D24F9407F001B64B5 /* Storyboards */,
				099CBA3F24F940A6001B64B5 /* View Controllers */,
				099CBA4124F940BE001B64B5 /* Utilities */,
				099CBA4024F940B6001B64B5 /* Extensions */,
				099CBA3E24F9408F001B64B5 /* Supporting Files */,
				099CBA4424F949EC001B64B5 /* Data Models */,
			);
			path = "charts-local";
			sourceTree = "<group>";
		};
		29C17E0E4CCCB524602591E7 /* Frameworks */ = {
			isa = PBXGroup;
			children = (
				A186C3E098BE2575158B8A9D /* Pods_charts_local.framework */,
			);
			name = Frameworks;
			sourceTree = "<group>";
		};
		2F41C051932AC0F0F8BA6F09 /* Pods */ = {
			isa = PBXGroup;
			children = (
				0049588AED9995976B90B296 /* Pods-charts-local.debug.xcconfig */,
				4B52FCB2BB3F5CBC34B7CD3C /* Pods-charts-local.release.xcconfig */,
			);
			path = Pods;
			sourceTree = "<group>";
		};
/* End PBXGroup section */

/* Begin PBXNativeTarget section */
		09EBEE0624F9173C00F1A014 /* charts-local */ = {
			isa = PBXNativeTarget;
			buildConfigurationList = 09EBEE1B24F9173F00F1A014 /* Build configuration list for PBXNativeTarget "charts-local" */;
			buildPhases = (
				5D0766E0ADAF77409A2D7E4F /* [CP] Check Pods Manifest.lock */,
				09EBEE0324F9173C00F1A014 /* Sources */,
				09EBEE0424F9173C00F1A014 /* Frameworks */,
				09EBEE0524F9173C00F1A014 /* Resources */,
				21BADAAEBD3071E62D553398 /* [CP] Embed Pods Frameworks */,
			);
			buildRules = (
			);
			dependencies = (
			);
			name = "charts-local";
			productName = "charts-local";
			productReference = 09EBEE0724F9173C00F1A014 /* charts-local.app */;
			productType = "com.apple.product-type.application";
		};
/* End PBXNativeTarget section */

/* Begin PBXProject section */
		09EBEDFF24F9173C00F1A014 /* Project object */ = {
			isa = PBXProject;
			attributes = {
				LastSwiftUpdateCheck = 1160;
				LastUpgradeCheck = 1160;
				ORGANIZATIONNAME = "Saurabh Gupta";
				TargetAttributes = {
					09EBEE0624F9173C00F1A014 = {
						CreatedOnToolsVersion = 11.6;
					};
				};
			};
			buildConfigurationList = 09EBEE0224F9173C00F1A014 /* Build configuration list for PBXProject "charts-local" */;
			compatibilityVersion = "Xcode 9.3";
			developmentRegion = en;
			hasScannedForEncodings = 0;
			knownRegions = (
				en,
				Base,
			);
			mainGroup = 09EBEDFE24F9173C00F1A014;
			productRefGroup = 09EBEE0824F9173C00F1A014 /* Products */;
			projectDirPath = "";
			projectRoot = "";
			targets = (
				09EBEE0624F9173C00F1A014 /* charts-local */,
			);
		};
/* End PBXProject section */

/* Begin PBXResourcesBuildPhase section */
		09EBEE0524F9173C00F1A014 /* Resources */ = {
			isa = PBXResourcesBuildPhase;
			buildActionMask = 2147483647;
			files = (
				09EBEE1724F9173F00F1A014 /* LaunchScreen.storyboard in Resources */,
				09EBEE1424F9173F00F1A014 /* Assets.xcassets in Resources */,
				09EBEE1224F9173C00F1A014 /* Main.storyboard in Resources */,
			);
			runOnlyForDeploymentPostprocessing = 0;
		};
/* End PBXResourcesBuildPhase section */

/* Begin PBXShellScriptBuildPhase section */
		21BADAAEBD3071E62D553398 /* [CP] Embed Pods Frameworks */ = {
			isa = PBXShellScriptBuildPhase;
			buildActionMask = 2147483647;
			files = (
			);
			inputFileListPaths = (
				"${PODS_ROOT}/Target Support Files/Pods-charts-local/Pods-charts-local-frameworks-${CONFIGURATION}-input-files.xcfilelist",
			);
			name = "[CP] Embed Pods Frameworks";
			outputFileListPaths = (
				"${PODS_ROOT}/Target Support Files/Pods-charts-local/Pods-charts-local-frameworks-${CONFIGURATION}-output-files.xcfilelist",
			);
			runOnlyForDeploymentPostprocessing = 0;
			shellPath = /bin/sh;
			shellScript = "\"${PODS_ROOT}/Target Support Files/Pods-charts-local/Pods-charts-local-frameworks.sh\"\n";
			showEnvVarsInLog = 0;
		};
		5D0766E0ADAF77409A2D7E4F /* [CP] Check Pods Manifest.lock */ = {
			isa = PBXShellScriptBuildPhase;
			buildActionMask = 2147483647;
			files = (
			);
			inputFileListPaths = (
			);
			inputPaths = (
				"${PODS_PODFILE_DIR_PATH}/Podfile.lock",
				"${PODS_ROOT}/Manifest.lock",
			);
			name = "[CP] Check Pods Manifest.lock";
			outputFileListPaths = (
			);
			outputPaths = (
				"$(DERIVED_FILE_DIR)/Pods-charts-local-checkManifestLockResult.txt",
			);
			runOnlyForDeploymentPostprocessing = 0;
			shellPath = /bin/sh;
			shellScript = "diff \"${PODS_PODFILE_DIR_PATH}/Podfile.lock\" \"${PODS_ROOT}/Manifest.lock\" > /dev/null\nif [ $? != 0 ] ; then\n    # print error to STDERR\n    echo \"error: The sandbox is not in sync with the Podfile.lock. Run 'pod install' or update your CocoaPods installation.\" >&2\n    exit 1\nfi\n# This output is used by Xcode 'outputs' to avoid re-running this script phase.\necho \"SUCCESS\" > \"${SCRIPT_OUTPUT_FILE_0}\"\n";
			showEnvVarsInLog = 0;
		};
/* End PBXShellScriptBuildPhase section */

/* Begin PBXSourcesBuildPhase section */
		09EBEE0324F9173C00F1A014 /* Sources */ = {
			isa = PBXSourcesBuildPhase;
			buildActionMask = 2147483647;
			files = (
				099CBA3A24F93981001B64B5 /* Constants.swift in Sources */,
				09EBEE0F24F9173C00F1A014 /* ViewController.swift in Sources */,
				09EBEE2324F936BC00F1A014 /* ImagePicker.swift in Sources */,
				099CBA3C24F93C92001B64B5 /* UIColor+Extension.swift in Sources */,
				099CBA4324F94786001B64B5 /* ChartData.swift in Sources */,
				09EBEE0B24F9173C00F1A014 /* AppDelegate.swift in Sources */,
				09EBEE0D24F9173C00F1A014 /* SceneDelegate.swift in Sources */,
			);
			runOnlyForDeploymentPostprocessing = 0;
		};
/* End PBXSourcesBuildPhase section */

/* Begin PBXVariantGroup section */
		09EBEE1024F9173C00F1A014 /* Main.storyboard */ = {
			isa = PBXVariantGroup;
			children = (
				09EBEE1124F9173C00F1A014 /* Base */,
			);
			name = Main.storyboard;
			sourceTree = "<group>";
		};
		09EBEE1524F9173F00F1A014 /* LaunchScreen.storyboard */ = {
			isa = PBXVariantGroup;
			children = (
				09EBEE1624F9173F00F1A014 /* Base */,
			);
			name = LaunchScreen.storyboard;
			sourceTree = "<group>";
		};
/* End PBXVariantGroup section */

/* Begin XCBuildConfiguration section */
		09EBEE1924F9173F00F1A014 /* Debug */ = {
			isa = XCBuildConfiguration;
			buildSettings = {
				ALWAYS_SEARCH_USER_PATHS = NO;
				CLANG_ANALYZER_NONNULL = YES;
				CLANG_ANALYZER_NUMBER_OBJECT_CONVERSION = YES_AGGRESSIVE;
				CLANG_CXX_LANGUAGE_STANDARD = "gnu++14";
				CLANG_CXX_LIBRARY = "libc++";
				CLANG_ENABLE_MODULES = YES;
				CLANG_ENABLE_OBJC_ARC = YES;
				CLANG_ENABLE_OBJC_WEAK = YES;
				CLANG_WARN_BLOCK_CAPTURE_AUTORELEASING = YES;
				CLANG_WARN_BOOL_CONVERSION = YES;
				CLANG_WARN_COMMA = YES;
				CLANG_WARN_CONSTANT_CONVERSION = YES;
				CLANG_WARN_DEPRECATED_OBJC_IMPLEMENTATIONS = YES;
				CLANG_WARN_DIRECT_OBJC_ISA_USAGE = YES_ERROR;
				CLANG_WARN_DOCUMENTATION_COMMENTS = YES;
				CLANG_WARN_EMPTY_BODY = YES;
				CLANG_WARN_ENUM_CONVERSION = YES;
				CLANG_WARN_INFINITE_RECURSION = YES;
				CLANG_WARN_INT_CONVERSION = YES;
				CLANG_WARN_NON_LITERAL_NULL_CONVERSION = YES;
				CLANG_WARN_OBJC_IMPLICIT_RETAIN_SELF = YES;
				CLANG_WARN_OBJC_LITERAL_CONVERSION = YES;
				CLANG_WARN_OBJC_ROOT_CLASS = YES_ERROR;
				CLANG_WARN_RANGE_LOOP_ANALYSIS = YES;
				CLANG_WARN_STRICT_PROTOTYPES = YES;
				CLANG_WARN_SUSPICIOUS_MOVE = YES;
				CLANG_WARN_UNGUARDED_AVAILABILITY = YES_AGGRESSIVE;
				CLANG_WARN_UNREACHABLE_CODE = YES;
				CLANG_WARN__DUPLICATE_METHOD_MATCH = YES;
				COPY_PHASE_STRIP = NO;
				DEBUG_INFORMATION_FORMAT = dwarf;
				ENABLE_STRICT_OBJC_MSGSEND = YES;
				ENABLE_TESTABILITY = YES;
				GCC_C_LANGUAGE_STANDARD = gnu11;
				GCC_DYNAMIC_NO_PIC = NO;
				GCC_NO_COMMON_BLOCKS = YES;
				GCC_OPTIMIZATION_LEVEL = 0;
				GCC_PREPROCESSOR_DEFINITIONS = (
					"DEBUG=1",
					"$(inherited)",
				);
				GCC_WARN_64_TO_32_BIT_CONVERSION = YES;
				GCC_WARN_ABOUT_RETURN_TYPE = YES_ERROR;
				GCC_WARN_UNDECLARED_SELECTOR = YES;
				GCC_WARN_UNINITIALIZED_AUTOS = YES_AGGRESSIVE;
				GCC_WARN_UNUSED_FUNCTION = YES;
				GCC_WARN_UNUSED_VARIABLE = YES;
				IPHONEOS_DEPLOYMENT_TARGET = 13.6;
				MTL_ENABLE_DEBUG_INFO = INCLUDE_SOURCE;
				MTL_FAST_MATH = YES;
				ONLY_ACTIVE_ARCH = YES;
				SDKROOT = iphoneos;
				SWIFT_ACTIVE_COMPILATION_CONDITIONS = DEBUG;
				SWIFT_OPTIMIZATION_LEVEL = "-Onone";
			};
			name = Debug;
		};
		09EBEE1A24F9173F00F1A014 /* Release */ = {
			isa = XCBuildConfiguration;
			buildSettings = {
				ALWAYS_SEARCH_USER_PATHS = NO;
				CLANG_ANALYZER_NONNULL = YES;
				CLANG_ANALYZER_NUMBER_OBJECT_CONVERSION = YES_AGGRESSIVE;
				CLANG_CXX_LANGUAGE_STANDARD = "gnu++14";
				CLANG_CXX_LIBRARY = "libc++";
				CLANG_ENABLE_MODULES = YES;
				CLANG_ENABLE_OBJC_ARC = YES;
				CLANG_ENABLE_OBJC_WEAK = YES;
				CLANG_WARN_BLOCK_CAPTURE_AUTORELEASING = YES;
				CLANG_WARN_BOOL_CONVERSION = YES;
				CLANG_WARN_COMMA = YES;
				CLANG_WARN_CONSTANT_CONVERSION = YES;
				CLANG_WARN_DEPRECATED_OBJC_IMPLEMENTATIONS = YES;
				CLANG_WARN_DIRECT_OBJC_ISA_USAGE = YES_ERROR;
				CLANG_WARN_DOCUMENTATION_COMMENTS = YES;
				CLANG_WARN_EMPTY_BODY = YES;
				CLANG_WARN_ENUM_CONVERSION = YES;
				CLANG_WARN_INFINITE_RECURSION = YES;
				CLANG_WARN_INT_CONVERSION = YES;
				CLANG_WARN_NON_LITERAL_NULL_CONVERSION = YES;
				CLANG_WARN_OBJC_IMPLICIT_RETAIN_SELF = YES;
				CLANG_WARN_OBJC_LITERAL_CONVERSION = YES;
				CLANG_WARN_OBJC_ROOT_CLASS = YES_ERROR;
				CLANG_WARN_RANGE_LOOP_ANALYSIS = YES;
				CLANG_WARN_STRICT_PROTOTYPES = YES;
				CLANG_WARN_SUSPICIOUS_MOVE = YES;
				CLANG_WARN_UNGUARDED_AVAILABILITY = YES_AGGRESSIVE;
				CLANG_WARN_UNREACHABLE_CODE = YES;
				CLANG_WARN__DUPLICATE_METHOD_MATCH = YES;
				COPY_PHASE_STRIP = NO;
				DEBUG_INFORMATION_FORMAT = "dwarf-with-dsym";
				ENABLE_NS_ASSERTIONS = NO;
				ENABLE_STRICT_OBJC_MSGSEND = YES;
				GCC_C_LANGUAGE_STANDARD = gnu11;
				GCC_NO_COMMON_BLOCKS = YES;
				GCC_WARN_64_TO_32_BIT_CONVERSION = YES;
				GCC_WARN_ABOUT_RETURN_TYPE = YES_ERROR;
				GCC_WARN_UNDECLARED_SELECTOR = YES;
				GCC_WARN_UNINITIALIZED_AUTOS = YES_AGGRESSIVE;
				GCC_WARN_UNUSED_FUNCTION = YES;
				GCC_WARN_UNUSED_VARIABLE = YES;
				IPHONEOS_DEPLOYMENT_TARGET = 13.6;
				MTL_ENABLE_DEBUG_INFO = NO;
				MTL_FAST_MATH = YES;
				SDKROOT = iphoneos;
				SWIFT_COMPILATION_MODE = wholemodule;
				SWIFT_OPTIMIZATION_LEVEL = "-O";
				VALIDATE_PRODUCT = YES;
			};
			name = Release;
		};
		09EBEE1C24F9173F00F1A014 /* Debug */ = {
			isa = XCBuildConfiguration;
			baseConfigurationReference = 0049588AED9995976B90B296 /* Pods-charts-local.debug.xcconfig */;
			buildSettings = {
				ASSETCATALOG_COMPILER_APPICON_NAME = AppIcon;
				CODE_SIGN_STYLE = Automatic;
				DEVELOPMENT_TEAM = Y78N79J6Y9;
				INFOPLIST_FILE = "charts-local/Supporting Files/Info.plist";
				IPHONEOS_DEPLOYMENT_TARGET = 13.0;
				LD_RUNPATH_SEARCH_PATHS = (
					"$(inherited)",
					"@executable_path/Frameworks",
				);
				PRODUCT_BUNDLE_IDENTIFIER = "me.gupta.saurabh.charts-local";
				PRODUCT_NAME = "$(TARGET_NAME)";
				SWIFT_VERSION = 5.0;
				TARGETED_DEVICE_FAMILY = 2;
			};
			name = Debug;
		};
		09EBEE1D24F9173F00F1A014 /* Release */ = {
			isa = XCBuildConfiguration;
			baseConfigurationReference = 4B52FCB2BB3F5CBC34B7CD3C /* Pods-charts-local.release.xcconfig */;
			buildSettings = {
				ASSETCATALOG_COMPILER_APPICON_NAME = AppIcon;
				CODE_SIGN_STYLE = Automatic;
				DEVELOPMENT_TEAM = Y78N79J6Y9;
				INFOPLIST_FILE = "charts-local/Supporting Files/Info.plist";
				IPHONEOS_DEPLOYMENT_TARGET = 13.0;
				LD_RUNPATH_SEARCH_PATHS = (
					"$(inherited)",
					"@executable_path/Frameworks",
				);
				PRODUCT_BUNDLE_IDENTIFIER = "me.gupta.saurabh.charts-local";
				PRODUCT_NAME = "$(TARGET_NAME)";
				SWIFT_VERSION = 5.0;
				TARGETED_DEVICE_FAMILY = 2;
			};
			name = Release;
		};
/* End XCBuildConfiguration section */

/* Begin XCConfigurationList section */
		09EBEE0224F9173C00F1A014 /* Build configuration list for PBXProject "charts-local" */ = {
			isa = XCConfigurationList;
			buildConfigurations = (
				09EBEE1924F9173F00F1A014 /* Debug */,
				09EBEE1A24F9173F00F1A014 /* Release */,
			);
			defaultConfigurationIsVisible = 0;
			defaultConfigurationName = Release;
		};
		09EBEE1B24F9173F00F1A014 /* Build configuration list for PBXNativeTarget "charts-local" */ = {
			isa = XCConfigurationList;
			buildConfigurations = (
				09EBEE1C24F9173F00F1A014 /* Debug */,
				09EBEE1D24F9173F00F1A014 /* Release */,
			);
			defaultConfigurationIsVisible = 0;
			defaultConfigurationName = Release;
		};
/* End XCConfigurationList section */
	};
	rootObject = 09EBEDFF24F9173C00F1A014 /* Project object */;
}
